
Microsoft Visual Studio Solution File, Format Version 12.00
# Visual Studio Version 17
VisualStudioVersion = 17.13.35931.197 d17.13
MinimumVisualStudioVersion = 10.0.40219.1
Project("{FAE04EC0-301F-11D3-BF4B-00C04F79EFBC}") = "PasswordHasher", "PasswordHasher.csproj", "{91995E3B-1C6F-4F44-9B69-E09E3ECC3D8C}"
EndProject
Global
	GlobalSection(SolutionConfigurationPlatforms) = preSolution
		Debug|Any CPU = Debug|Any CPU
		Release|Any CPU = Release|Any CPU
	EndGlobalSection
	GlobalSection(ProjectConfigurationPlatforms) = postSolution
		{91995E3B-1C6F-4F44-9B69-E09E3ECC3D8C}.Debug|Any CPU.ActiveCfg = Debug|Any CPU
		{91995E3B-1C6F-4F44-9B69-E09E3ECC3D8C}.Debug|Any CPU.Build.0 = Debug|Any CPU
		{91995E3B-1C6F-4F44-9B69-E09E3ECC3D8C}.Release|Any CPU.ActiveCfg = Release|Any CPU
		{91995E3B-1C6F-4F44-9B69-E09E3ECC3D8C}.Release|Any CPU.Build.0 = Release|Any CPU
	EndGlobalSection
	GlobalSection(SolutionProperties) = preSolution
		HideSolutionNode = FALSE
	EndGlobalSection
	GlobalSection(ExtensibilityGlobals) = postSolution
		SolutionGuid = {9FB36DC4-8C19-47BA-86FC-857D7AA213C5}
	EndGlobalSection
EndGlobal
